
Microsoft Visual Studio Solution File, Format Version 12.00
# Visual Studio Version 17
VisualStudioVersion = 17.5.33627.172
MinimumVisualStudioVersion = 10.0.40219.1
Project("{9A19103F-16F7-4668-BE54-9A1E7A4F7556}") = "Entities", "Entities\Entities.csproj", "{A43AC440-20F1-4F1B-8B4C-B5BB0030596B}"
EndProject
Project("{9A19103F-16F7-4668-BE54-9A1E7A4F7556}") = "DataAccess", "DataAccess\DataAccess.csproj", "{4780D7BA-15C6-4B49-9F18-94D4F46A113D}"
EndProject
Project("{9A19103F-16F7-4668-BE54-9A1E7A4F7556}") = "Business", "Business\Business.csproj", "{974F762C-B1F1-4A93-89FE-C86B8E8228A4}"
EndProject
Project("{9A19103F-16F7-4668-BE54-9A1E7A4F7556}") = "ConsoleUI", "ConsoleUI\ConsoleUI.csproj", "{EAE5A1E0-FB97-4459-AEB1-E4A95EC0D4C2}"
EndProject
Project("{FAE04EC0-301F-11D3-BF4B-00C04F79EFBC}") = "Core", "Core\Core.csproj", "{84E4DC8C-4B67-49CA-8F73-71A881C75666}"
EndProject
Global
	GlobalSection(SolutionConfigurationPlatforms) = preSolution
		Debug|Any CPU = Debug|Any CPU
		Release|Any CPU = Release|Any CPU
	EndGlobalSection
	GlobalSection(ProjectConfigurationPlatforms) = postSolution
		{A43AC440-20F1-4F1B-8B4C-B5BB0030596B}.Debug|Any CPU.ActiveCfg = Debug|Any CPU
		{A43AC440-20F1-4F1B-8B4C-B5BB0030596B}.Debug|Any CPU.Build.0 = Debug|Any CPU
		{A43AC440-20F1-4F1B-8B4C-B5BB0030596B}.Release|Any CPU.ActiveCfg = Release|Any CPU
		{A43AC440-20F1-4F1B-8B4C-B5BB0030596B}.Release|Any CPU.Build.0 = Release|Any CPU
		{4780D7BA-15C6-4B49-9F18-94D4F46A113D}.Debug|Any CPU.ActiveCfg = Debug|Any CPU
		{4780D7BA-15C6-4B49-9F18-94D4F46A113D}.Debug|Any CPU.Build.0 = Debug|Any CPU
		{4780D7BA-15C6-4B49-9F18-94D4F46A113D}.Release|Any CPU.ActiveCfg = Release|Any CPU
		{4780D7BA-15C6-4B49-9F18-94D4F46A113D}.Release|Any CPU.Build.0 = Release|Any CPU
		{974F762C-B1F1-4A93-89FE-C86B8E8228A4}.Debug|Any CPU.ActiveCfg = Debug|Any CPU
		{974F762C-B1F1-4A93-89FE-C86B8E8228A4}.Debug|Any CPU.Build.0 = Debug|Any CPU
		{974F762C-B1F1-4A93-89FE-C86B8E8228A4}.Release|Any CPU.ActiveCfg = Release|Any CPU
		{974F762C-B1F1-4A93-89FE-C86B8E8228A4}.Release|Any CPU.Build.0 = Release|Any CPU
		{EAE5A1E0-FB97-4459-AEB1-E4A95EC0D4C2}.Debug|Any CPU.ActiveCfg = Debug|Any CPU
		{EAE5A1E0-FB97-4459-AEB1-E4A95EC0D4C2}.Debug|Any CPU.Build.0 = Debug|Any CPU
		{EAE5A1E0-FB97-4459-AEB1-E4A95EC0D4C2}.Release|Any CPU.ActiveCfg = Release|Any CPU
		{EAE5A1E0-FB97-4459-AEB1-E4A95EC0D4C2}.Release|Any CPU.Build.0 = Release|Any CPU
		{84E4DC8C-4B67-49CA-8F73-71A881C75666}.Debug|Any CPU.ActiveCfg = Debug|Any CPU
		{84E4DC8C-4B67-49CA-8F73-71A881C75666}.Debug|Any CPU.Build.0 = Debug|Any CPU
		{84E4DC8C-4B67-49CA-8F73-71A881C75666}.Release|Any CPU.ActiveCfg = Release|Any CPU
		{84E4DC8C-4B67-49CA-8F73-71A881C75666}.Release|Any CPU.Build.0 = Release|Any CPU
	EndGlobalSection
	GlobalSection(SolutionProperties) = preSolution
		HideSolutionNode = FALSE
	EndGlobalSection
	GlobalSection(ExtensibilityGlobals) = postSolution
		SolutionGuid = {AB9E4A2B-EA59-4482-A6D8-1FEAC90BD5DA}
	EndGlobalSection
EndGlobal
